// !$*UTF8*$!
{
	archiveVersion = 1;
	classes = {
	};
	objectVersion = 55;
	objects = {

/* Begin PBXBuildFile section */
		98CDC75B2915C27B00556D06 /* ThrowAwayTests.swift in Sources */ = {isa = PBXBuildFile; fileRef = 98CDC75A2915C27B00556D06 /* ThrowAwayTests.swift */; };
		98CDC7662915C92100556D06 /* Persistence.swift in Sources */ = {isa = PBXBuildFile; fileRef = C6EFB9D92903AAFA00C53743 /* Persistence.swift */; };
		98CDC7672915C93100556D06 /* ThrowAway.xcdatamodeld in Sources */ = {isa = PBXBuildFile; fileRef = C6EFB9DB2903AAFA00C53743 /* ThrowAway.xcdatamodeld */; };
		98CDC76A2915CD1400556D06 /* Assets.xcassets in Resources */ = {isa = PBXBuildFile; fileRef = C6EFB9D42903AAFA00C53743 /* Assets.xcassets */; };
		98CDC7732915D0D900556D06 /* Product+CoreDataClass.swift in Sources */ = {isa = PBXBuildFile; fileRef = 98CDC7712915D0D900556D06 /* Product+CoreDataClass.swift */; };
		98CDC7742915D0D900556D06 /* Product+CoreDataClass.swift in Sources */ = {isa = PBXBuildFile; fileRef = 98CDC7712915D0D900556D06 /* Product+CoreDataClass.swift */; };
		98CDC7752915D0D900556D06 /* Product+CoreDataProperties.swift in Sources */ = {isa = PBXBuildFile; fileRef = 98CDC7722915D0D900556D06 /* Product+CoreDataProperties.swift */; };
		98CDC7762915D0D900556D06 /* Product+CoreDataProperties.swift in Sources */ = {isa = PBXBuildFile; fileRef = 98CDC7722915D0D900556D06 /* Product+CoreDataProperties.swift */; };
		C686F5DC29101C6B0057BB0D /* AddObjectView.swift in Sources */ = {isa = PBXBuildFile; fileRef = C686F5DB29101C6B0057BB0D /* AddObjectView.swift */; };
		C686F5E12910215A0057BB0D /* PhotoPicker.swift in Sources */ = {isa = PBXBuildFile; fileRef = C686F5E02910215A0057BB0D /* PhotoPicker.swift */; };
		C6EFB9D12903AAF700C53743 /* ThrowAwayApp.swift in Sources */ = {isa = PBXBuildFile; fileRef = C6EFB9D02903AAF700C53743 /* ThrowAwayApp.swift */; };
		C6EFB9D32903AAF700C53743 /* ContentView.swift in Sources */ = {isa = PBXBuildFile; fileRef = C6EFB9D22903AAF700C53743 /* ContentView.swift */; };
		C6EFB9D52903AAFA00C53743 /* Assets.xcassets in Resources */ = {isa = PBXBuildFile; fileRef = C6EFB9D42903AAFA00C53743 /* Assets.xcassets */; };
		C6EFB9D82903AAFA00C53743 /* Preview Assets.xcassets in Resources */ = {isa = PBXBuildFile; fileRef = C6EFB9D72903AAFA00C53743 /* Preview Assets.xcassets */; };
		C6EFB9DA2903AAFA00C53743 /* Persistence.swift in Sources */ = {isa = PBXBuildFile; fileRef = C6EFB9D92903AAFA00C53743 /* Persistence.swift */; };
		C6EFB9DD2903AAFA00C53743 /* ThrowAway.xcdatamodeld in Sources */ = {isa = PBXBuildFile; fileRef = C6EFB9DB2903AAFA00C53743 /* ThrowAway.xcdatamodeld */; };
/* End PBXBuildFile section */

/* Begin PBXContainerItemProxy section */
		98CDC75C2915C27B00556D06 /* PBXContainerItemProxy */ = {
			isa = PBXContainerItemProxy;
			containerPortal = C6EFB9C52903AAF700C53743 /* Project object */;
			proxyType = 1;
			remoteGlobalIDString = C6EFB9CC2903AAF700C53743;
			remoteInfo = ThrowAway;
		};
/* End PBXContainerItemProxy section */

/* Begin PBXFileReference section */
		98CDC7582915C27B00556D06 /* ThrowAwayTests.xctest */ = {isa = PBXFileReference; explicitFileType = wrapper.cfbundle; includeInIndex = 0; path = ThrowAwayTests.xctest; sourceTree = BUILT_PRODUCTS_DIR; };
		98CDC75A2915C27B00556D06 /* ThrowAwayTests.swift */ = {isa = PBXFileReference; lastKnownFileType = sourcecode.swift; path = ThrowAwayTests.swift; sourceTree = "<group>"; };
		98CDC7712915D0D900556D06 /* Product+CoreDataClass.swift */ = {isa = PBXFileReference; lastKnownFileType = sourcecode.swift; path = "Product+CoreDataClass.swift"; sourceTree = "<group>"; };
		98CDC7722915D0D900556D06 /* Product+CoreDataProperties.swift */ = {isa = PBXFileReference; lastKnownFileType = sourcecode.swift; path = "Product+CoreDataProperties.swift"; sourceTree = "<group>"; };
		C686F5DB29101C6B0057BB0D /* AddObjectView.swift */ = {isa = PBXFileReference; lastKnownFileType = sourcecode.swift; path = AddObjectView.swift; sourceTree = "<group>"; };
		C686F5E02910215A0057BB0D /* PhotoPicker.swift */ = {isa = PBXFileReference; lastKnownFileType = sourcecode.swift; path = PhotoPicker.swift; sourceTree = "<group>"; };
		C6EFB9CD2903AAF700C53743 /* ThrowAway.app */ = {isa = PBXFileReference; explicitFileType = wrapper.application; includeInIndex = 0; path = ThrowAway.app; sourceTree = BUILT_PRODUCTS_DIR; };
		C6EFB9D02903AAF700C53743 /* ThrowAwayApp.swift */ = {isa = PBXFileReference; lastKnownFileType = sourcecode.swift; path = ThrowAwayApp.swift; sourceTree = "<group>"; };
		C6EFB9D22903AAF700C53743 /* ContentView.swift */ = {isa = PBXFileReference; lastKnownFileType = sourcecode.swift; path = ContentView.swift; sourceTree = "<group>"; };
		C6EFB9D42903AAFA00C53743 /* Assets.xcassets */ = {isa = PBXFileReference; lastKnownFileType = folder.assetcatalog; path = Assets.xcassets; sourceTree = "<group>"; };
		C6EFB9D72903AAFA00C53743 /* Preview Assets.xcassets */ = {isa = PBXFileReference; lastKnownFileType = folder.assetcatalog; path = "Preview Assets.xcassets"; sourceTree = "<group>"; };
		C6EFB9D92903AAFA00C53743 /* Persistence.swift */ = {isa = PBXFileReference; lastKnownFileType = sourcecode.swift; path = Persistence.swift; sourceTree = "<group>"; };
		C6EFB9DC2903AAFA00C53743 /* ThrowAway.xcdatamodel */ = {isa = PBXFileReference; lastKnownFileType = wrapper.xcdatamodel; path = ThrowAway.xcdatamodel; sourceTree = "<group>"; };
/* End PBXFileReference section */

/* Begin PBXFrameworksBuildPhase section */
		98CDC7552915C27B00556D06 /* Frameworks */ = {
			isa = PBXFrameworksBuildPhase;
			buildActionMask = 2147483647;
			files = (
			);
			runOnlyForDeploymentPostprocessing = 0;
		};
		C6EFB9CA2903AAF700C53743 /* Frameworks */ = {
			isa = PBXFrameworksBuildPhase;
			buildActionMask = 2147483647;
			files = (
			);
			runOnlyForDeploymentPostprocessing = 0;
		};
/* End PBXFrameworksBuildPhase section */

/* Begin PBXGroup section */
		98CDC7592915C27B00556D06 /* ThrowAwayTests */ = {
			isa = PBXGroup;
			children = (
				98CDC75A2915C27B00556D06 /* ThrowAwayTests.swift */,
			);
			path = ThrowAwayTests;
			sourceTree = "<group>";
		};
		C686F5DF291021450057BB0D /* AddObject */ = {
			isa = PBXGroup;
			children = (
				C686F5DB29101C6B0057BB0D /* AddObjectView.swift */,
				C686F5E02910215A0057BB0D /* PhotoPicker.swift */,
			);
			path = AddObject;
			sourceTree = "<group>";
		};
		C6EFB9C42903AAF700C53743 = {
			isa = PBXGroup;
			children = (
				98CDC7712915D0D900556D06 /* Product+CoreDataClass.swift */,
				98CDC7722915D0D900556D06 /* Product+CoreDataProperties.swift */,
				C6EFB9CF2903AAF700C53743 /* ThrowAway */,
				98CDC7592915C27B00556D06 /* ThrowAwayTests */,
				C6EFB9CE2903AAF700C53743 /* Products */,
			);
			sourceTree = "<group>";
		};
		C6EFB9CE2903AAF700C53743 /* Products */ = {
			isa = PBXGroup;
			children = (
				C6EFB9CD2903AAF700C53743 /* ThrowAway.app */,
				98CDC7582915C27B00556D06 /* ThrowAwayTests.xctest */,
			);
			name = Products;
			sourceTree = "<group>";
		};
		C6EFB9CF2903AAF700C53743 /* ThrowAway */ = {
			isa = PBXGroup;
			children = (
				C6EFB9D02903AAF700C53743 /* ThrowAwayApp.swift */,
				C6EFB9D22903AAF700C53743 /* ContentView.swift */,
				C6EFB9D42903AAFA00C53743 /* Assets.xcassets */,
				C6EFB9D92903AAFA00C53743 /* Persistence.swift */,
				C6EFB9DB2903AAFA00C53743 /* ThrowAway.xcdatamodeld */,
				C686F5DF291021450057BB0D /* AddObject */,
				C6EFB9D62903AAFA00C53743 /* Preview Content */,
			);
			path = ThrowAway;
			sourceTree = "<group>";
		};
		C6EFB9D62903AAFA00C53743 /* Preview Content */ = {
			isa = PBXGroup;
			children = (
				C6EFB9D72903AAFA00C53743 /* Preview Assets.xcassets */,
			);
			path = "Preview Content";
			sourceTree = "<group>";
		};
/* End PBXGroup section */

/* Begin PBXNativeTarget section */
		98CDC7572915C27B00556D06 /* ThrowAwayTests */ = {
			isa = PBXNativeTarget;
			buildConfigurationList = 98CDC7602915C27B00556D06 /* Build configuration list for PBXNativeTarget "ThrowAwayTests" */;
			buildPhases = (
				98CDC7542915C27B00556D06 /* Sources */,
				98CDC7552915C27B00556D06 /* Frameworks */,
				98CDC7562915C27B00556D06 /* Resources */,
			);
			buildRules = (
			);
			dependencies = (
				98CDC75D2915C27B00556D06 /* PBXTargetDependency */,
			);
			name = ThrowAwayTests;
			productName = ThrowAwayTests;
			productReference = 98CDC7582915C27B00556D06 /* ThrowAwayTests.xctest */;
			productType = "com.apple.product-type.bundle.unit-test";
		};
		C6EFB9CC2903AAF700C53743 /* ThrowAway */ = {
			isa = PBXNativeTarget;
			buildConfigurationList = C6EFB9E02903AAFA00C53743 /* Build configuration list for PBXNativeTarget "ThrowAway" */;
			buildPhases = (
				C6EFB9C92903AAF700C53743 /* Sources */,
				C6EFB9CA2903AAF700C53743 /* Frameworks */,
				C6EFB9CB2903AAF700C53743 /* Resources */,
			);
			buildRules = (
			);
			dependencies = (
			);
			name = ThrowAway;
			productName = ThrowAway;
			productReference = C6EFB9CD2903AAF700C53743 /* ThrowAway.app */;
			productType = "com.apple.product-type.application";
		};
/* End PBXNativeTarget section */

/* Begin PBXProject section */
		C6EFB9C52903AAF700C53743 /* Project object */ = {
			isa = PBXProject;
			attributes = {
				BuildIndependentTargetsInParallel = 1;
				LastSwiftUpdateCheck = 1330;
				LastUpgradeCheck = 1310;
				TargetAttributes = {
					98CDC7572915C27B00556D06 = {
						CreatedOnToolsVersion = 13.3;
						TestTargetID = C6EFB9CC2903AAF700C53743;
					};
					C6EFB9CC2903AAF700C53743 = {
						CreatedOnToolsVersion = 14.0;
					};
				};
			};
			buildConfigurationList = C6EFB9C82903AAF700C53743 /* Build configuration list for PBXProject "ThrowAway" */;
			compatibilityVersion = "Xcode 13.0";
			developmentRegion = en;
			hasScannedForEncodings = 0;
			knownRegions = (
				en,
				Base,
				ko,
			);
			mainGroup = C6EFB9C42903AAF700C53743;
			productRefGroup = C6EFB9CE2903AAF700C53743 /* Products */;
			projectDirPath = "";
			projectRoot = "";
			targets = (
				C6EFB9CC2903AAF700C53743 /* ThrowAway */,
				98CDC7572915C27B00556D06 /* ThrowAwayTests */,
			);
		};
/* End PBXProject section */

/* Begin PBXResourcesBuildPhase section */
		98CDC7562915C27B00556D06 /* Resources */ = {
			isa = PBXResourcesBuildPhase;
			buildActionMask = 2147483647;
			files = (
				98CDC76A2915CD1400556D06 /* Assets.xcassets in Resources */,
			);
			runOnlyForDeploymentPostprocessing = 0;
		};
		C6EFB9CB2903AAF700C53743 /* Resources */ = {
			isa = PBXResourcesBuildPhase;
			buildActionMask = 2147483647;
			files = (
				C6EFB9D82903AAFA00C53743 /* Preview Assets.xcassets in Resources */,
				C6EFB9D52903AAFA00C53743 /* Assets.xcassets in Resources */,
			);
			runOnlyForDeploymentPostprocessing = 0;
		};
/* End PBXResourcesBuildPhase section */

/* Begin PBXSourcesBuildPhase section */
		98CDC7542915C27B00556D06 /* Sources */ = {
			isa = PBXSourcesBuildPhase;
			buildActionMask = 2147483647;
			files = (
				98CDC7762915D0D900556D06 /* Product+CoreDataProperties.swift in Sources */,
				98CDC7662915C92100556D06 /* Persistence.swift in Sources */,
				98CDC7672915C93100556D06 /* ThrowAway.xcdatamodeld in Sources */,
				98CDC75B2915C27B00556D06 /* ThrowAwayTests.swift in Sources */,
				98CDC7742915D0D900556D06 /* Product+CoreDataClass.swift in Sources */,
			);
			runOnlyForDeploymentPostprocessing = 0;
		};
		C6EFB9C92903AAF700C53743 /* Sources */ = {
			isa = PBXSourcesBuildPhase;
			buildActionMask = 2147483647;
			files = (
				C6EFB9DD2903AAFA00C53743 /* ThrowAway.xcdatamodeld in Sources */,
				C6EFB9DA2903AAFA00C53743 /* Persistence.swift in Sources */,
				C6EFB9D32903AAF700C53743 /* ContentView.swift in Sources */,
				98CDC7732915D0D900556D06 /* Product+CoreDataClass.swift in Sources */,
				C686F5E12910215A0057BB0D /* PhotoPicker.swift in Sources */,
				C686F5DC29101C6B0057BB0D /* AddObjectView.swift in Sources */,
				98CDC7752915D0D900556D06 /* Product+CoreDataProperties.swift in Sources */,
				C6EFB9D12903AAF700C53743 /* ThrowAwayApp.swift in Sources */,
			);
			runOnlyForDeploymentPostprocessing = 0;
		};
/* End PBXSourcesBuildPhase section */

/* Begin PBXTargetDependency section */
		98CDC75D2915C27B00556D06 /* PBXTargetDependency */ = {
			isa = PBXTargetDependency;
			target = C6EFB9CC2903AAF700C53743 /* ThrowAway */;
			targetProxy = 98CDC75C2915C27B00556D06 /* PBXContainerItemProxy */;
		};
/* End PBXTargetDependency section */

/* Begin XCBuildConfiguration section */
		98CDC75E2915C27B00556D06 /* Debug */ = {
			isa = XCBuildConfiguration;
			buildSettings = {
				BUNDLE_LOADER = "$(TEST_HOST)";
				CLANG_CXX_LANGUAGE_STANDARD = "gnu++17";
				CODE_SIGN_STYLE = Automatic;
				CURRENT_PROJECT_VERSION = 1;
				GENERATE_INFOPLIST_FILE = YES;
				IPHONEOS_DEPLOYMENT_TARGET = 15.4;
				MARKETING_VERSION = 1.0;
				PRODUCT_BUNDLE_IDENTIFIER = ddugibab.ThrowAway.ThrowAwayTests;
				PRODUCT_NAME = "$(TARGET_NAME)";
				SWIFT_EMIT_LOC_STRINGS = NO;
				SWIFT_VERSION = 5.0;
				TARGETED_DEVICE_FAMILY = "1,2";
				TEST_HOST = "$(BUILT_PRODUCTS_DIR)/ThrowAway.app/ThrowAway";
			};
			name = Debug;
		};
		98CDC75F2915C27B00556D06 /* Release */ = {
			isa = XCBuildConfiguration;
			buildSettings = {
				BUNDLE_LOADER = "$(TEST_HOST)";
				CLANG_CXX_LANGUAGE_STANDARD = "gnu++17";
				CODE_SIGN_STYLE = Automatic;
				CURRENT_PROJECT_VERSION = 1;
				GENERATE_INFOPLIST_FILE = YES;
				IPHONEOS_DEPLOYMENT_TARGET = 15.4;
				MARKETING_VERSION = 1.0;
				PRODUCT_BUNDLE_IDENTIFIER = ddugibab.ThrowAway.ThrowAwayTests;
				PRODUCT_NAME = "$(TARGET_NAME)";
				SWIFT_EMIT_LOC_STRINGS = NO;
				SWIFT_VERSION = 5.0;
				TARGETED_DEVICE_FAMILY = "1,2";
				TEST_HOST = "$(BUILT_PRODUCTS_DIR)/ThrowAway.app/ThrowAway";
			};
			name = Release;
		};
		C6EFB9DE2903AAFA00C53743 /* Debug */ = {
			isa = XCBuildConfiguration;
			buildSettings = {
				ALWAYS_SEARCH_USER_PATHS = NO;
				CLANG_ANALYZER_NONNULL = YES;
				CLANG_ANALYZER_NUMBER_OBJECT_CONVERSION = YES_AGGRESSIVE;
				CLANG_CXX_LANGUAGE_STANDARD = "gnu++20";
				CLANG_ENABLE_MODULES = YES;
				CLANG_ENABLE_OBJC_ARC = YES;
				CLANG_ENABLE_OBJC_WEAK = YES;
				CLANG_WARN_BLOCK_CAPTURE_AUTORELEASING = YES;
				CLANG_WARN_BOOL_CONVERSION = YES;
				CLANG_WARN_COMMA = YES;
				CLANG_WARN_CONSTANT_CONVERSION = YES;
				CLANG_WARN_DEPRECATED_OBJC_IMPLEMENTATIONS = YES;
				CLANG_WARN_DIRECT_OBJC_ISA_USAGE = YES_ERROR;
				CLANG_WARN_DOCUMENTATION_COMMENTS = YES;
				CLANG_WARN_EMPTY_BODY = YES;
				CLANG_WARN_ENUM_CONVERSION = YES;
				CLANG_WARN_INFINITE_RECURSION = YES;
				CLANG_WARN_INT_CONVERSION = YES;
				CLANG_WARN_NON_LITERAL_NULL_CONVERSION = YES;
				CLANG_WARN_OBJC_IMPLICIT_RETAIN_SELF = YES;
				CLANG_WARN_OBJC_LITERAL_CONVERSION = YES;
				CLANG_WARN_OBJC_ROOT_CLASS = YES_ERROR;
				CLANG_WARN_QUOTED_INCLUDE_IN_FRAMEWORK_HEADER = YES;
				CLANG_WARN_RANGE_LOOP_ANALYSIS = YES;
				CLANG_WARN_STRICT_PROTOTYPES = YES;
				CLANG_WARN_SUSPICIOUS_MOVE = YES;
				CLANG_WARN_UNGUARDED_AVAILABILITY = YES_AGGRESSIVE;
				CLANG_WARN_UNREACHABLE_CODE = YES;
				CLANG_WARN__DUPLICATE_METHOD_MATCH = YES;
				COPY_PHASE_STRIP = NO;
				DEBUG_INFORMATION_FORMAT = dwarf;
				ENABLE_STRICT_OBJC_MSGSEND = YES;
				ENABLE_TESTABILITY = YES;
				GCC_C_LANGUAGE_STANDARD = gnu11;
				GCC_DYNAMIC_NO_PIC = NO;
				GCC_NO_COMMON_BLOCKS = YES;
				GCC_OPTIMIZATION_LEVEL = 0;
				GCC_PREPROCESSOR_DEFINITIONS = (
					"DEBUG=1",
					"$(inherited)",
				);
				GCC_WARN_64_TO_32_BIT_CONVERSION = YES;
				GCC_WARN_ABOUT_RETURN_TYPE = YES_ERROR;
				GCC_WARN_UNDECLARED_SELECTOR = YES;
				GCC_WARN_UNINITIALIZED_AUTOS = YES_AGGRESSIVE;
				GCC_WARN_UNUSED_FUNCTION = YES;
				GCC_WARN_UNUSED_VARIABLE = YES;
				IPHONEOS_DEPLOYMENT_TARGET = 15.0;
				MTL_ENABLE_DEBUG_INFO = INCLUDE_SOURCE;
				MTL_FAST_MATH = YES;
				ONLY_ACTIVE_ARCH = YES;
				SDKROOT = iphoneos;
				SWIFT_ACTIVE_COMPILATION_CONDITIONS = DEBUG;
				SWIFT_OPTIMIZATION_LEVEL = "-Onone";
			};
			name = Debug;
		};
		C6EFB9DF2903AAFA00C53743 /* Release */ = {
			isa = XCBuildConfiguration;
			buildSettings = {
				ALWAYS_SEARCH_USER_PATHS = NO;
				CLANG_ANALYZER_NONNULL = YES;
				CLANG_ANALYZER_NUMBER_OBJECT_CONVERSION = YES_AGGRESSIVE;
				CLANG_CXX_LANGUAGE_STANDARD = "gnu++20";
				CLANG_ENABLE_MODULES = YES;
				CLANG_ENABLE_OBJC_ARC = YES;
				CLANG_ENABLE_OBJC_WEAK = YES;
				CLANG_WARN_BLOCK_CAPTURE_AUTORELEASING = YES;
				CLANG_WARN_BOOL_CONVERSION = YES;
				CLANG_WARN_COMMA = YES;
				CLANG_WARN_CONSTANT_CONVERSION = YES;
				CLANG_WARN_DEPRECATED_OBJC_IMPLEMENTATIONS = YES;
				CLANG_WARN_DIRECT_OBJC_ISA_USAGE = YES_ERROR;
				CLANG_WARN_DOCUMENTATION_COMMENTS = YES;
				CLANG_WARN_EMPTY_BODY = YES;
				CLANG_WARN_ENUM_CONVERSION = YES;
				CLANG_WARN_INFINITE_RECURSION = YES;
				CLANG_WARN_INT_CONVERSION = YES;
				CLANG_WARN_NON_LITERAL_NULL_CONVERSION = YES;
				CLANG_WARN_OBJC_IMPLICIT_RETAIN_SELF = YES;
				CLANG_WARN_OBJC_LITERAL_CONVERSION = YES;
				CLANG_WARN_OBJC_ROOT_CLASS = YES_ERROR;
				CLANG_WARN_QUOTED_INCLUDE_IN_FRAMEWORK_HEADER = YES;
				CLANG_WARN_RANGE_LOOP_ANALYSIS = YES;
				CLANG_WARN_STRICT_PROTOTYPES = YES;
				CLANG_WARN_SUSPICIOUS_MOVE = YES;
				CLANG_WARN_UNGUARDED_AVAILABILITY = YES_AGGRESSIVE;
				CLANG_WARN_UNREACHABLE_CODE = YES;
				CLANG_WARN__DUPLICATE_METHOD_MATCH = YES;
				COPY_PHASE_STRIP = NO;
				DEBUG_INFORMATION_FORMAT = "dwarf-with-dsym";
				ENABLE_NS_ASSERTIONS = NO;
				ENABLE_STRICT_OBJC_MSGSEND = YES;
				GCC_C_LANGUAGE_STANDARD = gnu11;
				GCC_NO_COMMON_BLOCKS = YES;
				GCC_WARN_64_TO_32_BIT_CONVERSION = YES;
				GCC_WARN_ABOUT_RETURN_TYPE = YES_ERROR;
				GCC_WARN_UNDECLARED_SELECTOR = YES;
				GCC_WARN_UNINITIALIZED_AUTOS = YES_AGGRESSIVE;
				GCC_WARN_UNUSED_FUNCTION = YES;
				GCC_WARN_UNUSED_VARIABLE = YES;
				IPHONEOS_DEPLOYMENT_TARGET = 15.0;
				MTL_ENABLE_DEBUG_INFO = NO;
				MTL_FAST_MATH = YES;
				SDKROOT = iphoneos;
				SWIFT_COMPILATION_MODE = wholemodule;
				SWIFT_OPTIMIZATION_LEVEL = "-O";
				VALIDATE_PRODUCT = YES;
			};
			name = Release;
		};
		C6EFB9E12903AAFA00C53743 /* Debug */ = {
			isa = XCBuildConfiguration;
			buildSettings = {
				ASSETCATALOG_COMPILER_APPICON_NAME = AppIcon;
				ASSETCATALOG_COMPILER_GLOBAL_ACCENT_COLOR_NAME = AccentColor;
				CODE_SIGN_STYLE = Automatic;
				CURRENT_PROJECT_VERSION = 1;
				DEVELOPMENT_ASSET_PATHS = "\"ThrowAway/Preview Content\"";
				ENABLE_PREVIEWS = YES;
				GENERATE_INFOPLIST_FILE = YES;
				INFOPLIST_KEY_UIApplicationSceneManifest_Generation = YES;
				INFOPLIST_KEY_UIApplicationSupportsIndirectInputEvents = YES;
				INFOPLIST_KEY_UILaunchScreen_Generation = YES;
				INFOPLIST_KEY_UISupportedInterfaceOrientations = UIInterfaceOrientationPortrait;
				INFOPLIST_KEY_UISupportedInterfaceOrientations_iPad = "UIInterfaceOrientationLandscapeLeft UIInterfaceOrientationLandscapeRight UIInterfaceOrientationPortrait UIInterfaceOrientationPortraitUpsideDown";
				INFOPLIST_KEY_UIUserInterfaceStyle = Light;
				IPHONEOS_DEPLOYMENT_TARGET = 14.0;
				LD_RUNPATH_SEARCH_PATHS = (
					"$(inherited)",
					"@executable_path/Frameworks",
				);
				MARKETING_VERSION = 1.0;
				PRODUCT_BUNDLE_IDENTIFIER = ddugibab.ThrowAway;
				PRODUCT_NAME = "$(TARGET_NAME)";
				SUPPORTED_PLATFORMS = "iphoneos iphonesimulator";
				SUPPORTS_MACCATALYST = NO;
				SUPPORTS_MAC_DESIGNED_FOR_IPHONE_IPAD = NO;
				SWIFT_EMIT_LOC_STRINGS = YES;
				SWIFT_VERSION = 5.0;
				TARGETED_DEVICE_FAMILY = 1;
			};
			name = Debug;
		};
		C6EFB9E22903AAFA00C53743 /* Release */ = {
			isa = XCBuildConfiguration;
			buildSettings = {
				ASSETCATALOG_COMPILER_APPICON_NAME = AppIcon;
				ASSETCATALOG_COMPILER_GLOBAL_ACCENT_COLOR_NAME = AccentColor;
				CODE_SIGN_STYLE = Automatic;
				CURRENT_PROJECT_VERSION = 1;
				DEVELOPMENT_ASSET_PATHS = "\"ThrowAway/Preview Content\"";
				ENABLE_PREVIEWS = YES;
				GENERATE_INFOPLIST_FILE = YES;
				INFOPLIST_KEY_UIApplicationSceneManifest_Generation = YES;
				INFOPLIST_KEY_UIApplicationSupportsIndirectInputEvents = YES;
				INFOPLIST_KEY_UILaunchScreen_Generation = YES;
				INFOPLIST_KEY_UISupportedInterfaceOrientations = UIInterfaceOrientationPortrait;
				INFOPLIST_KEY_UISupportedInterfaceOrientations_iPad = "UIInterfaceOrientationLandscapeLeft UIInterfaceOrientationLandscapeRight UIInterfaceOrientationPortrait UIInterfaceOrientationPortraitUpsideDown";
				INFOPLIST_KEY_UIUserInterfaceStyle = Light;
				IPHONEOS_DEPLOYMENT_TARGET = 14.0;
				LD_RUNPATH_SEARCH_PATHS = (
					"$(inherited)",
					"@executable_path/Frameworks",
				);
				MARKETING_VERSION = 1.0;
				PRODUCT_BUNDLE_IDENTIFIER = ddugibab.ThrowAway;
				PRODUCT_NAME = "$(TARGET_NAME)";
				SUPPORTED_PLATFORMS = "iphoneos iphonesimulator";
				SUPPORTS_MACCATALYST = NO;
				SUPPORTS_MAC_DESIGNED_FOR_IPHONE_IPAD = NO;
				SWIFT_EMIT_LOC_STRINGS = YES;
				SWIFT_VERSION = 5.0;
				TARGETED_DEVICE_FAMILY = 1;
			};
			name = Release;
		};
/* End XCBuildConfiguration section */

/* Begin XCConfigurationList section */
		98CDC7602915C27B00556D06 /* Build configuration list for PBXNativeTarget "ThrowAwayTests" */ = {
			isa = XCConfigurationList;
			buildConfigurations = (
				98CDC75E2915C27B00556D06 /* Debug */,
				98CDC75F2915C27B00556D06 /* Release */,
			);
			defaultConfigurationIsVisible = 0;
			defaultConfigurationName = Release;
		};
		C6EFB9C82903AAF700C53743 /* Build configuration list for PBXProject "ThrowAway" */ = {
			isa = XCConfigurationList;
			buildConfigurations = (
				C6EFB9DE2903AAFA00C53743 /* Debug */,
				C6EFB9DF2903AAFA00C53743 /* Release */,
			);
			defaultConfigurationIsVisible = 0;
			defaultConfigurationName = Release;
		};
		C6EFB9E02903AAFA00C53743 /* Build configuration list for PBXNativeTarget "ThrowAway" */ = {
			isa = XCConfigurationList;
			buildConfigurations = (
				C6EFB9E12903AAFA00C53743 /* Debug */,
				C6EFB9E22903AAFA00C53743 /* Release */,
			);
			defaultConfigurationIsVisible = 0;
			defaultConfigurationName = Release;
		};
/* End XCConfigurationList section */

/* Begin XCVersionGroup section */
		C6EFB9DB2903AAFA00C53743 /* ThrowAway.xcdatamodeld */ = {
			isa = XCVersionGroup;
			children = (
				C6EFB9DC2903AAFA00C53743 /* ThrowAway.xcdatamodel */,
			);
			currentVersion = C6EFB9DC2903AAFA00C53743 /* ThrowAway.xcdatamodel */;
			path = ThrowAway.xcdatamodeld;
			sourceTree = "<group>";
			versionGroupType = wrapper.xcdatamodel;
		};
/* End XCVersionGroup section */
	};
	rootObject = C6EFB9C52903AAF700C53743 /* Project object */;
}
