// !$*UTF8*$!
{
	archiveVersion = 1;
	classes = {
	};
	objectVersion = 55;
	objects = {

/* Begin PBXBuildFile section */
		3A2E06A3291551830073B15F /* resource.bundle in Resources */ = {isa = PBXBuildFile; fileRef = 3A2E06A2291551830073B15F /* resource.bundle */; };
		3A2E06A6291552230073B15F /* Bundle+Ext.swift in Sources */ = {isa = PBXBuildFile; fileRef = 3A2E06A5291552230073B15F /* Bundle+Ext.swift */; };
		3A34126D29164F8400BDFB34 /* Product+CoreDataProperties.swift in Sources */ = {isa = PBXBuildFile; fileRef = 3A34126B29164F8400BDFB34 /* Product+CoreDataProperties.swift */; };
		3A34126E29164F8400BDFB34 /* Product+CoreDataClass.swift in Sources */ = {isa = PBXBuildFile; fileRef = 3A34126C29164F8400BDFB34 /* Product+CoreDataClass.swift */; };
		3A34127429164FA400BDFB34 /* Persistence.swift in Sources */ = {isa = PBXBuildFile; fileRef = 3A34127029164FA400BDFB34 /* Persistence.swift */; };
		3A34127529164FA400BDFB34 /* ContentView.swift in Sources */ = {isa = PBXBuildFile; fileRef = 3A34127129164FA400BDFB34 /* ContentView.swift */; };
		3A34127629164FA400BDFB34 /* AddObjectView.swift in Sources */ = {isa = PBXBuildFile; fileRef = 3A34127229164FA400BDFB34 /* AddObjectView.swift */; };
		3A34127729164FA400BDFB34 /* PhotoPicker.swift in Sources */ = {isa = PBXBuildFile; fileRef = 3A34127329164FA400BDFB34 /* PhotoPicker.swift */; };
		3A34127A29164FC100BDFB34 /* CalendarManager.swift in Sources */ = {isa = PBXBuildFile; fileRef = 3A34127929164FC100BDFB34 /* CalendarManager.swift */; };
		3A34127F29164FDC00BDFB34 /* Month.swift in Sources */ = {isa = PBXBuildFile; fileRef = 3A34127D29164FDC00BDFB34 /* Month.swift */; };
		3A34128029164FDC00BDFB34 /* DateHolder.swift in Sources */ = {isa = PBXBuildFile; fileRef = 3A34127E29164FDC00BDFB34 /* DateHolder.swift */; };
		3A34128529164FE900BDFB34 /* CalendarView.swift in Sources */ = {isa = PBXBuildFile; fileRef = 3A34128129164FE900BDFB34 /* CalendarView.swift */; };
		3A34128629164FE900BDFB34 /* DayOfWeekView.swift in Sources */ = {isa = PBXBuildFile; fileRef = 3A34128229164FE900BDFB34 /* DayOfWeekView.swift */; };
		3A34128729164FE900BDFB34 /* DateScrollView.swift in Sources */ = {isa = PBXBuildFile; fileRef = 3A34128329164FE900BDFB34 /* DateScrollView.swift */; };
		3A34128829164FE900BDFB34 /* StatisticsView.swift in Sources */ = {isa = PBXBuildFile; fileRef = 3A34128429164FE900BDFB34 /* StatisticsView.swift */; };
		3A34128B2916500E00BDFB34 /* ThrowAway.xcdatamodeld in Sources */ = {isa = PBXBuildFile; fileRef = 3A3412892916500E00BDFB34 /* ThrowAway.xcdatamodeld */; };
		3A3412932916513400BDFB34 /* ThrowAwayTests.swift in Sources */ = {isa = PBXBuildFile; fileRef = 3A3412922916513400BDFB34 /* ThrowAwayTests.swift */; };
		3A6D906429150D9900B1D882 /* ProductListViewController.swift in Sources */ = {isa = PBXBuildFile; fileRef = 3A6D906329150D9900B1D882 /* ProductListViewController.swift */; };
		3AC5CB782912B2D800BA2A11 /* TabBarViewController.swift in Sources */ = {isa = PBXBuildFile; fileRef = 3AC5CB772912B2D800BA2A11 /* TabBarViewController.swift */; };
		3AD6E53129152753000E966E /* ProductList.storyboard in Resources */ = {isa = PBXBuildFile; fileRef = 3AD6E53029152753000E966E /* ProductList.storyboard */; };
		3AD6E53329152786000E966E /* ProductTableViewCell.swift in Sources */ = {isa = PBXBuildFile; fileRef = 3AD6E53229152786000E966E /* ProductTableViewCell.swift */; };
		3AD6E536291528D8000E966E /* ProductInfo.swift in Sources */ = {isa = PBXBuildFile; fileRef = 3AD6E535291528D8000E966E /* ProductInfo.swift */; };
		3AE4E65429110AD3004BC324 /* AppDelegate.swift in Sources */ = {isa = PBXBuildFile; fileRef = 3AE4E65329110AD3004BC324 /* AppDelegate.swift */; };
		3AE4E65629110AD3004BC324 /* SceneDelegate.swift in Sources */ = {isa = PBXBuildFile; fileRef = 3AE4E65529110AD3004BC324 /* SceneDelegate.swift */; };
		3AE4E65D29110AD3004BC324 /* Assets.xcassets in Resources */ = {isa = PBXBuildFile; fileRef = 3AE4E65C29110AD3004BC324 /* Assets.xcassets */; };
		3AE4E66029110AD3004BC324 /* LaunchScreen.storyboard in Resources */ = {isa = PBXBuildFile; fileRef = 3AE4E65E29110AD3004BC324 /* LaunchScreen.storyboard */; };
		986F9CB6292898210051D77C /* .swiftlint.yml in Resources */ = {isa = PBXBuildFile; fileRef = 986F9CB5292898210051D77C /* .swiftlint.yml */; };
		C69CE8C3292E42210074D3E2 /* SettingView.swift in Sources */ = {isa = PBXBuildFile; fileRef = C69CE8C2292E42210074D3E2 /* SettingView.swift */; };
		C69CE8C5292E42290074D3E2 /* SettingViewModel.swift in Sources */ = {isa = PBXBuildFile; fileRef = C69CE8C4292E42290074D3E2 /* SettingViewModel.swift */; };
		C69CE8CB292E4B9C0074D3E2 /* SettingViewCell.swift in Sources */ = {isa = PBXBuildFile; fileRef = C69CE8CA292E4B9C0074D3E2 /* SettingViewCell.swift */; };
/* End PBXBuildFile section */

/* Begin PBXContainerItemProxy section */
		3A3412942916513400BDFB34 /* PBXContainerItemProxy */ = {
			isa = PBXContainerItemProxy;
			containerPortal = 3AE4E64829110AD3004BC324 /* Project object */;
			proxyType = 1;
			remoteGlobalIDString = 3AE4E64F29110AD3004BC324;
			remoteInfo = ThrowAway;
		};
/* End PBXContainerItemProxy section */

/* Begin PBXFileReference section */
		3A2E06A2291551830073B15F /* resource.bundle */ = {isa = PBXFileReference; lastKnownFileType = "wrapper.plug-in"; path = resource.bundle; sourceTree = "<group>"; };
		3A2E06A5291552230073B15F /* Bundle+Ext.swift */ = {isa = PBXFileReference; lastKnownFileType = sourcecode.swift; path = "Bundle+Ext.swift"; sourceTree = "<group>"; };
		3A34126B29164F8400BDFB34 /* Product+CoreDataProperties.swift */ = {isa = PBXFileReference; fileEncoding = 4; lastKnownFileType = sourcecode.swift; path = "Product+CoreDataProperties.swift"; sourceTree = "<group>"; };
		3A34126C29164F8400BDFB34 /* Product+CoreDataClass.swift */ = {isa = PBXFileReference; fileEncoding = 4; lastKnownFileType = sourcecode.swift; path = "Product+CoreDataClass.swift"; sourceTree = "<group>"; };
		3A34127029164FA400BDFB34 /* Persistence.swift */ = {isa = PBXFileReference; fileEncoding = 4; lastKnownFileType = sourcecode.swift; path = Persistence.swift; sourceTree = "<group>"; };
		3A34127129164FA400BDFB34 /* ContentView.swift */ = {isa = PBXFileReference; fileEncoding = 4; lastKnownFileType = sourcecode.swift; path = ContentView.swift; sourceTree = "<group>"; };
		3A34127229164FA400BDFB34 /* AddObjectView.swift */ = {isa = PBXFileReference; fileEncoding = 4; lastKnownFileType = sourcecode.swift; path = AddObjectView.swift; sourceTree = "<group>"; };
		3A34127329164FA400BDFB34 /* PhotoPicker.swift */ = {isa = PBXFileReference; fileEncoding = 4; lastKnownFileType = sourcecode.swift; path = PhotoPicker.swift; sourceTree = "<group>"; };
		3A34127929164FC100BDFB34 /* CalendarManager.swift */ = {isa = PBXFileReference; fileEncoding = 4; lastKnownFileType = sourcecode.swift; path = CalendarManager.swift; sourceTree = "<group>"; };
		3A34127D29164FDC00BDFB34 /* Month.swift */ = {isa = PBXFileReference; fileEncoding = 4; lastKnownFileType = sourcecode.swift; path = Month.swift; sourceTree = "<group>"; };
		3A34127E29164FDC00BDFB34 /* DateHolder.swift */ = {isa = PBXFileReference; fileEncoding = 4; lastKnownFileType = sourcecode.swift; path = DateHolder.swift; sourceTree = "<group>"; };
		3A34128129164FE900BDFB34 /* CalendarView.swift */ = {isa = PBXFileReference; fileEncoding = 4; lastKnownFileType = sourcecode.swift; path = CalendarView.swift; sourceTree = "<group>"; };
		3A34128229164FE900BDFB34 /* DayOfWeekView.swift */ = {isa = PBXFileReference; fileEncoding = 4; lastKnownFileType = sourcecode.swift; path = DayOfWeekView.swift; sourceTree = "<group>"; };
		3A34128329164FE900BDFB34 /* DateScrollView.swift */ = {isa = PBXFileReference; fileEncoding = 4; lastKnownFileType = sourcecode.swift; path = DateScrollView.swift; sourceTree = "<group>"; };
		3A34128429164FE900BDFB34 /* StatisticsView.swift */ = {isa = PBXFileReference; fileEncoding = 4; lastKnownFileType = sourcecode.swift; path = StatisticsView.swift; sourceTree = "<group>"; };
		3A34128A2916500E00BDFB34 /* ThrowAway.xcdatamodel */ = {isa = PBXFileReference; lastKnownFileType = wrapper.xcdatamodel; path = ThrowAway.xcdatamodel; sourceTree = "<group>"; };
		3A3412902916513400BDFB34 /* ThrowAwayTests.xctest */ = {isa = PBXFileReference; explicitFileType = wrapper.cfbundle; includeInIndex = 0; path = ThrowAwayTests.xctest; sourceTree = BUILT_PRODUCTS_DIR; };
		3A3412922916513400BDFB34 /* ThrowAwayTests.swift */ = {isa = PBXFileReference; lastKnownFileType = sourcecode.swift; path = ThrowAwayTests.swift; sourceTree = "<group>"; };
		3A6D906329150D9900B1D882 /* ProductListViewController.swift */ = {isa = PBXFileReference; lastKnownFileType = sourcecode.swift; path = ProductListViewController.swift; sourceTree = "<group>"; };
		3AC5CB772912B2D800BA2A11 /* TabBarViewController.swift */ = {isa = PBXFileReference; lastKnownFileType = sourcecode.swift; path = TabBarViewController.swift; sourceTree = "<group>"; };
		3AD6E53029152753000E966E /* ProductList.storyboard */ = {isa = PBXFileReference; fileEncoding = 4; lastKnownFileType = file.storyboard; path = ProductList.storyboard; sourceTree = "<group>"; };
		3AD6E53229152786000E966E /* ProductTableViewCell.swift */ = {isa = PBXFileReference; lastKnownFileType = sourcecode.swift; path = ProductTableViewCell.swift; sourceTree = "<group>"; };
		3AD6E535291528D8000E966E /* ProductInfo.swift */ = {isa = PBXFileReference; lastKnownFileType = sourcecode.swift; path = ProductInfo.swift; sourceTree = "<group>"; };
		3AE4E65029110AD3004BC324 /* ThrowAway.app */ = {isa = PBXFileReference; explicitFileType = wrapper.application; includeInIndex = 0; path = ThrowAway.app; sourceTree = BUILT_PRODUCTS_DIR; };
		3AE4E65329110AD3004BC324 /* AppDelegate.swift */ = {isa = PBXFileReference; lastKnownFileType = sourcecode.swift; path = AppDelegate.swift; sourceTree = "<group>"; };
		3AE4E65529110AD3004BC324 /* SceneDelegate.swift */ = {isa = PBXFileReference; lastKnownFileType = sourcecode.swift; path = SceneDelegate.swift; sourceTree = "<group>"; };
		3AE4E65C29110AD3004BC324 /* Assets.xcassets */ = {isa = PBXFileReference; lastKnownFileType = folder.assetcatalog; path = Assets.xcassets; sourceTree = "<group>"; };
		3AE4E65F29110AD3004BC324 /* Base */ = {isa = PBXFileReference; lastKnownFileType = file.storyboard; name = Base; path = Base.lproj/LaunchScreen.storyboard; sourceTree = "<group>"; };
		3AE4E66129110AD3004BC324 /* Info.plist */ = {isa = PBXFileReference; lastKnownFileType = text.plist.xml; path = Info.plist; sourceTree = "<group>"; };
		986F9CB5292898210051D77C /* .swiftlint.yml */ = {isa = PBXFileReference; lastKnownFileType = text.yaml; path = .swiftlint.yml; sourceTree = "<group>"; };
		C69CE8C2292E42210074D3E2 /* SettingView.swift */ = {isa = PBXFileReference; lastKnownFileType = sourcecode.swift; path = SettingView.swift; sourceTree = "<group>"; };
		C69CE8C4292E42290074D3E2 /* SettingViewModel.swift */ = {isa = PBXFileReference; lastKnownFileType = sourcecode.swift; path = SettingViewModel.swift; sourceTree = "<group>"; };
		C69CE8CA292E4B9C0074D3E2 /* SettingViewCell.swift */ = {isa = PBXFileReference; lastKnownFileType = sourcecode.swift; path = SettingViewCell.swift; sourceTree = "<group>"; };
/* End PBXFileReference section */

/* Begin PBXFrameworksBuildPhase section */
		3A34128D2916513400BDFB34 /* Frameworks */ = {
			isa = PBXFrameworksBuildPhase;
			buildActionMask = 2147483647;
			files = (
			);
			runOnlyForDeploymentPostprocessing = 0;
		};
		3AE4E64D29110AD3004BC324 /* Frameworks */ = {
			isa = PBXFrameworksBuildPhase;
			buildActionMask = 2147483647;
			files = (
			);
			runOnlyForDeploymentPostprocessing = 0;
		};
/* End PBXFrameworksBuildPhase section */

/* Begin PBXGroup section */
		3A2E06A1291551630073B15F /* Supporting Files */ = {
			isa = PBXGroup;
			children = (
				3A2E06A2291551830073B15F /* resource.bundle */,
			);
			path = "Supporting Files";
			sourceTree = "<group>";
		};
		3A2E06A42915520A0073B15F /* extension */ = {
			isa = PBXGroup;
			children = (
				3A2E06A5291552230073B15F /* Bundle+Ext.swift */,
			);
			path = extension;
			sourceTree = "<group>";
		};
		3A34126A29164E6800BDFB34 /* SwiftUI */ = {
			isa = PBXGroup;
			children = (
				3A3412992916526100BDFB34 /* Preview Content */,
				3A34126F29164F8C00BDFB34 /* AddObjectView */,
				3A34127829164FB000BDFB34 /* StaticsView */,
				C69CE8C1292E40740074D3E2 /* SettingView */,
			);
			path = SwiftUI;
			sourceTree = "<group>";
		};
		3A34126F29164F8C00BDFB34 /* AddObjectView */ = {
			isa = PBXGroup;
			children = (
				3A34127229164FA400BDFB34 /* AddObjectView.swift */,
				3A34127129164FA400BDFB34 /* ContentView.swift */,
				3A34127029164FA400BDFB34 /* Persistence.swift */,
				3A34127329164FA400BDFB34 /* PhotoPicker.swift */,
			);
			path = AddObjectView;
			sourceTree = "<group>";
		};
		3A34127829164FB000BDFB34 /* StaticsView */ = {
			isa = PBXGroup;
			children = (
				3A34128429164FE900BDFB34 /* StatisticsView.swift */,
				3A34127929164FC100BDFB34 /* CalendarManager.swift */,
				3A34127B29164FC600BDFB34 /* Model */,
				3A34127C29164FCB00BDFB34 /* View */,
			);
			path = StaticsView;
			sourceTree = "<group>";
		};
		3A34127B29164FC600BDFB34 /* Model */ = {
			isa = PBXGroup;
			children = (
				3A34127E29164FDC00BDFB34 /* DateHolder.swift */,
				3A34127D29164FDC00BDFB34 /* Month.swift */,
			);
			path = Model;
			sourceTree = "<group>";
		};
		3A34127C29164FCB00BDFB34 /* View */ = {
			isa = PBXGroup;
			children = (
				3A34128129164FE900BDFB34 /* CalendarView.swift */,
				3A34128329164FE900BDFB34 /* DateScrollView.swift */,
				3A34128229164FE900BDFB34 /* DayOfWeekView.swift */,
			);
			path = View;
			sourceTree = "<group>";
		};
		3A3412912916513400BDFB34 /* ThrowAwayTests */ = {
			isa = PBXGroup;
			children = (
				3A3412922916513400BDFB34 /* ThrowAwayTests.swift */,
			);
			path = ThrowAwayTests;
			sourceTree = "<group>";
		};
		3A3412992916526100BDFB34 /* Preview Content */ = {
			isa = PBXGroup;
			children = (
			);
			path = "Preview Content";
			sourceTree = "<group>";
		};
		3A6D90602914FFF700B1D882 /* Views */ = {
			isa = PBXGroup;
			children = (
				3AD6E53229152786000E966E /* ProductTableViewCell.swift */,
			);
			path = Views;
			sourceTree = "<group>";
		};
		3A6D9066291526F000B1D882 /* Storyboard */ = {
			isa = PBXGroup;
			children = (
				3AD6E53029152753000E966E /* ProductList.storyboard */,
			);
			path = Storyboard;
			sourceTree = "<group>";
		};
		3AD6E534291528AD000E966E /* Models */ = {
			isa = PBXGroup;
			children = (
				3AD6E535291528D8000E966E /* ProductInfo.swift */,
			);
			path = Models;
			sourceTree = "<group>";
		};
		3AE4E64729110AD3004BC324 = {
			isa = PBXGroup;
			children = (
				986F9CB5292898210051D77C /* .swiftlint.yml */,
				3AE4E65229110AD3004BC324 /* ThrowAway */,
				3A3412912916513400BDFB34 /* ThrowAwayTests */,
				3AE4E65129110AD3004BC324 /* Products */,
			);
			sourceTree = "<group>";
		};
		3AE4E65129110AD3004BC324 /* Products */ = {
			isa = PBXGroup;
			children = (
				3AE4E65029110AD3004BC324 /* ThrowAway.app */,
				3A3412902916513400BDFB34 /* ThrowAwayTests.xctest */,
			);
			name = Products;
			sourceTree = "<group>";
		};
		3AE4E65229110AD3004BC324 /* ThrowAway */ = {
			isa = PBXGroup;
			children = (
				3A34126C29164F8400BDFB34 /* Product+CoreDataClass.swift */,
				3A34126B29164F8400BDFB34 /* Product+CoreDataProperties.swift */,
				3A3412892916500E00BDFB34 /* ThrowAway.xcdatamodeld */,
				3A34126A29164E6800BDFB34 /* SwiftUI */,
				3A2E06A42915520A0073B15F /* extension */,
				3AD6E534291528AD000E966E /* Models */,
				3AE4E66729110D55004BC324 /* View Controllers */,
				3A6D90602914FFF700B1D882 /* Views */,
				3A2E06A1291551630073B15F /* Supporting Files */,
				3AE4E65C29110AD3004BC324 /* Assets.xcassets */,
				3A6D9066291526F000B1D882 /* Storyboard */,
				3AE4E65329110AD3004BC324 /* AppDelegate.swift */,
				3AE4E65529110AD3004BC324 /* SceneDelegate.swift */,
				3AE4E65E29110AD3004BC324 /* LaunchScreen.storyboard */,
				3AE4E66129110AD3004BC324 /* Info.plist */,
			);
			path = ThrowAway;
			sourceTree = "<group>";
		};
		3AE4E66729110D55004BC324 /* View Controllers */ = {
			isa = PBXGroup;
			children = (
				3AC5CB772912B2D800BA2A11 /* TabBarViewController.swift */,
				3A6D906329150D9900B1D882 /* ProductListViewController.swift */,
			);
			path = "View Controllers";
			sourceTree = "<group>";
		};
		C69CE8C1292E40740074D3E2 /* SettingView */ = {
			isa = PBXGroup;
			children = (
				C69CE8C2292E42210074D3E2 /* SettingView.swift */,
				C69CE8C4292E42290074D3E2 /* SettingViewModel.swift */,
				C69CE8CA292E4B9C0074D3E2 /* SettingViewCell.swift */,
			);
			path = SettingView;
			sourceTree = "<group>";
		};
/* End PBXGroup section */

/* Begin PBXNativeTarget section */
		3A34128F2916513400BDFB34 /* ThrowAwayTests */ = {
			isa = PBXNativeTarget;
			buildConfigurationList = 3A3412962916513400BDFB34 /* Build configuration list for PBXNativeTarget "ThrowAwayTests" */;
			buildPhases = (
				3A34128C2916513400BDFB34 /* Sources */,
				3A34128D2916513400BDFB34 /* Frameworks */,
				3A34128E2916513400BDFB34 /* Resources */,
			);
			buildRules = (
			);
			dependencies = (
				3A3412952916513400BDFB34 /* PBXTargetDependency */,
			);
			name = ThrowAwayTests;
			productName = ThrowAwayTests;
			productReference = 3A3412902916513400BDFB34 /* ThrowAwayTests.xctest */;
			productType = "com.apple.product-type.bundle.unit-test";
		};
		3AE4E64F29110AD3004BC324 /* ThrowAway */ = {
			isa = PBXNativeTarget;
			buildConfigurationList = 3AE4E66429110AD3004BC324 /* Build configuration list for PBXNativeTarget "ThrowAway" */;
			buildPhases = (
				3AE4E64C29110AD3004BC324 /* Sources */,
				3AE4E64D29110AD3004BC324 /* Frameworks */,
				3AE4E64E29110AD3004BC324 /* Resources */,
				986F9CB42928975C0051D77C /* ShellScript */,
			);
			buildRules = (
			);
			dependencies = (
			);
			name = ThrowAway;
			productName = ThrowAway;
			productReference = 3AE4E65029110AD3004BC324 /* ThrowAway.app */;
			productType = "com.apple.product-type.application";
		};
/* End PBXNativeTarget section */

/* Begin PBXProject section */
		3AE4E64829110AD3004BC324 /* Project object */ = {
			isa = PBXProject;
			attributes = {
				BuildIndependentTargetsInParallel = 1;
				LastSwiftUpdateCheck = 1410;
				LastUpgradeCheck = 1400;
				TargetAttributes = {
					3A34128F2916513400BDFB34 = {
						CreatedOnToolsVersion = 14.1;
						TestTargetID = 3AE4E64F29110AD3004BC324;
					};
					3AE4E64F29110AD3004BC324 = {
						CreatedOnToolsVersion = 14.0.1;
					};
				};
			};
			buildConfigurationList = 3AE4E64B29110AD3004BC324 /* Build configuration list for PBXProject "ThrowAway" */;
			compatibilityVersion = "Xcode 13.0";
			developmentRegion = en;
			hasScannedForEncodings = 0;
			knownRegions = (
				en,
				Base,
			);
			mainGroup = 3AE4E64729110AD3004BC324;
			productRefGroup = 3AE4E65129110AD3004BC324 /* Products */;
			projectDirPath = "";
			projectRoot = "";
			targets = (
				3AE4E64F29110AD3004BC324 /* ThrowAway */,
				3A34128F2916513400BDFB34 /* ThrowAwayTests */,
			);
		};
/* End PBXProject section */

/* Begin PBXResourcesBuildPhase section */
		3A34128E2916513400BDFB34 /* Resources */ = {
			isa = PBXResourcesBuildPhase;
			buildActionMask = 2147483647;
			files = (
			);
			runOnlyForDeploymentPostprocessing = 0;
		};
		3AE4E64E29110AD3004BC324 /* Resources */ = {
			isa = PBXResourcesBuildPhase;
			buildActionMask = 2147483647;
			files = (
				986F9CB6292898210051D77C /* .swiftlint.yml in Resources */,
				3AD6E53129152753000E966E /* ProductList.storyboard in Resources */,
				3AE4E66029110AD3004BC324 /* LaunchScreen.storyboard in Resources */,
				3AE4E65D29110AD3004BC324 /* Assets.xcassets in Resources */,
				3A2E06A3291551830073B15F /* resource.bundle in Resources */,
			);
			runOnlyForDeploymentPostprocessing = 0;
		};
/* End PBXResourcesBuildPhase section */

/* Begin PBXShellScriptBuildPhase section */
		986F9CB42928975C0051D77C /* ShellScript */ = {
			isa = PBXShellScriptBuildPhase;
			alwaysOutOfDate = 1;
			buildActionMask = 2147483647;
			files = (
			);
			inputFileListPaths = (
			);
			inputPaths = (
			);
			outputFileListPaths = (
			);
			outputPaths = (
			);
			runOnlyForDeploymentPostprocessing = 0;
			shellPath = /bin/sh;
			shellScript = "if test -d \"/opt/homebrew/bin/\"; then\n  PATH=\"/opt/homebrew/bin/:${PATH}\"\nfi\n\nexport PATH\n\nif which swiftlint >/dev/null; then\n  swiftlint\nelse\n  echo \"warning: SwiftLint not installed, download from https://github.com/realm/SwiftLint\"\nfi\n";
		};
/* End PBXShellScriptBuildPhase section */

/* Begin PBXSourcesBuildPhase section */
		3A34128C2916513400BDFB34 /* Sources */ = {
			isa = PBXSourcesBuildPhase;
			buildActionMask = 2147483647;
			files = (
				3A3412932916513400BDFB34 /* ThrowAwayTests.swift in Sources */,
			);
			runOnlyForDeploymentPostprocessing = 0;
		};
		3AE4E64C29110AD3004BC324 /* Sources */ = {
			isa = PBXSourcesBuildPhase;
			buildActionMask = 2147483647;
			files = (
				3AC5CB782912B2D800BA2A11 /* TabBarViewController.swift in Sources */,
				3A34128829164FE900BDFB34 /* StatisticsView.swift in Sources */,
				3A34127529164FA400BDFB34 /* ContentView.swift in Sources */,
				3A6D906429150D9900B1D882 /* ProductListViewController.swift in Sources */,
				3A34128529164FE900BDFB34 /* CalendarView.swift in Sources */,
				3A34127A29164FC100BDFB34 /* CalendarManager.swift in Sources */,
				3AD6E53329152786000E966E /* ProductTableViewCell.swift in Sources */,
				3AE4E65429110AD3004BC324 /* AppDelegate.swift in Sources */,
				3A34127629164FA400BDFB34 /* AddObjectView.swift in Sources */,
				3A34128029164FDC00BDFB34 /* DateHolder.swift in Sources */,
				3A2E06A6291552230073B15F /* Bundle+Ext.swift in Sources */,
				3A34127F29164FDC00BDFB34 /* Month.swift in Sources */,
				3A34126E29164F8400BDFB34 /* Product+CoreDataClass.swift in Sources */,
				3AE4E65629110AD3004BC324 /* SceneDelegate.swift in Sources */,
				3A34128729164FE900BDFB34 /* DateScrollView.swift in Sources */,
				C69CE8C5292E42290074D3E2 /* SettingViewModel.swift in Sources */,
				3A34126D29164F8400BDFB34 /* Product+CoreDataProperties.swift in Sources */,
				3A34127729164FA400BDFB34 /* PhotoPicker.swift in Sources */,
				3AD6E536291528D8000E966E /* ProductInfo.swift in Sources */,
				3A34128629164FE900BDFB34 /* DayOfWeekView.swift in Sources */,
				3A34128B2916500E00BDFB34 /* ThrowAway.xcdatamodeld in Sources */,
				C69CE8CB292E4B9C0074D3E2 /* SettingViewCell.swift in Sources */,
				3A34127429164FA400BDFB34 /* Persistence.swift in Sources */,
				C69CE8C3292E42210074D3E2 /* SettingView.swift in Sources */,
			);
			runOnlyForDeploymentPostprocessing = 0;
		};
/* End PBXSourcesBuildPhase section */

/* Begin PBXTargetDependency section */
		3A3412952916513400BDFB34 /* PBXTargetDependency */ = {
			isa = PBXTargetDependency;
			target = 3AE4E64F29110AD3004BC324 /* ThrowAway */;
			targetProxy = 3A3412942916513400BDFB34 /* PBXContainerItemProxy */;
		};
/* End PBXTargetDependency section */

/* Begin PBXVariantGroup section */
		3AE4E65E29110AD3004BC324 /* LaunchScreen.storyboard */ = {
			isa = PBXVariantGroup;
			children = (
				3AE4E65F29110AD3004BC324 /* Base */,
			);
			name = LaunchScreen.storyboard;
			sourceTree = "<group>";
		};
/* End PBXVariantGroup section */

/* Begin XCBuildConfiguration section */
		3A3412972916513400BDFB34 /* Debug */ = {
			isa = XCBuildConfiguration;
			buildSettings = {
				BUNDLE_LOADER = "$(TEST_HOST)";
				CODE_SIGN_STYLE = Automatic;
				CURRENT_PROJECT_VERSION = 1;
				DEVELOPMENT_TEAM = 39Q9GA8PN8;
				GENERATE_INFOPLIST_FILE = YES;
				IPHONEOS_DEPLOYMENT_TARGET = 16.1;
				MARKETING_VERSION = 1.0;
				PRODUCT_BUNDLE_IDENTIFIER = sunmi.ThrowAwayTests;
				PRODUCT_NAME = "$(TARGET_NAME)";
				SWIFT_EMIT_LOC_STRINGS = NO;
				SWIFT_VERSION = 5.0;
				TARGETED_DEVICE_FAMILY = "1,2";
				TEST_HOST = "$(BUILT_PRODUCTS_DIR)/ThrowAway.app/$(BUNDLE_EXECUTABLE_FOLDER_PATH)/ThrowAway";
			};
			name = Debug;
		};
		3A3412982916513400BDFB34 /* Release */ = {
			isa = XCBuildConfiguration;
			buildSettings = {
				BUNDLE_LOADER = "$(TEST_HOST)";
				CODE_SIGN_STYLE = Automatic;
				CURRENT_PROJECT_VERSION = 1;
				DEVELOPMENT_TEAM = 39Q9GA8PN8;
				GENERATE_INFOPLIST_FILE = YES;
				IPHONEOS_DEPLOYMENT_TARGET = 16.1;
				MARKETING_VERSION = 1.0;
				PRODUCT_BUNDLE_IDENTIFIER = sunmi.ThrowAwayTests;
				PRODUCT_NAME = "$(TARGET_NAME)";
				SWIFT_EMIT_LOC_STRINGS = NO;
				SWIFT_VERSION = 5.0;
				TARGETED_DEVICE_FAMILY = "1,2";
				TEST_HOST = "$(BUILT_PRODUCTS_DIR)/ThrowAway.app/$(BUNDLE_EXECUTABLE_FOLDER_PATH)/ThrowAway";
			};
			name = Release;
		};
		3AE4E66229110AD3004BC324 /* Debug */ = {
			isa = XCBuildConfiguration;
			buildSettings = {
				ALWAYS_SEARCH_USER_PATHS = NO;
				CLANG_ANALYZER_NONNULL = YES;
				CLANG_ANALYZER_NUMBER_OBJECT_CONVERSION = YES_AGGRESSIVE;
				CLANG_CXX_LANGUAGE_STANDARD = "gnu++20";
				CLANG_ENABLE_MODULES = YES;
				CLANG_ENABLE_OBJC_ARC = YES;
				CLANG_ENABLE_OBJC_WEAK = YES;
				CLANG_WARN_BLOCK_CAPTURE_AUTORELEASING = YES;
				CLANG_WARN_BOOL_CONVERSION = YES;
				CLANG_WARN_COMMA = YES;
				CLANG_WARN_CONSTANT_CONVERSION = YES;
				CLANG_WARN_DEPRECATED_OBJC_IMPLEMENTATIONS = YES;
				CLANG_WARN_DIRECT_OBJC_ISA_USAGE = YES_ERROR;
				CLANG_WARN_DOCUMENTATION_COMMENTS = YES;
				CLANG_WARN_EMPTY_BODY = YES;
				CLANG_WARN_ENUM_CONVERSION = YES;
				CLANG_WARN_INFINITE_RECURSION = YES;
				CLANG_WARN_INT_CONVERSION = YES;
				CLANG_WARN_NON_LITERAL_NULL_CONVERSION = YES;
				CLANG_WARN_OBJC_IMPLICIT_RETAIN_SELF = YES;
				CLANG_WARN_OBJC_LITERAL_CONVERSION = YES;
				CLANG_WARN_OBJC_ROOT_CLASS = YES_ERROR;
				CLANG_WARN_QUOTED_INCLUDE_IN_FRAMEWORK_HEADER = YES;
				CLANG_WARN_RANGE_LOOP_ANALYSIS = YES;
				CLANG_WARN_STRICT_PROTOTYPES = YES;
				CLANG_WARN_SUSPICIOUS_MOVE = YES;
				CLANG_WARN_UNGUARDED_AVAILABILITY = YES_AGGRESSIVE;
				CLANG_WARN_UNREACHABLE_CODE = YES;
				CLANG_WARN__DUPLICATE_METHOD_MATCH = YES;
				COPY_PHASE_STRIP = NO;
				DEBUG_INFORMATION_FORMAT = dwarf;
				ENABLE_STRICT_OBJC_MSGSEND = YES;
				ENABLE_TESTABILITY = YES;
				GCC_C_LANGUAGE_STANDARD = gnu11;
				GCC_DYNAMIC_NO_PIC = NO;
				GCC_NO_COMMON_BLOCKS = YES;
				GCC_OPTIMIZATION_LEVEL = 0;
				GCC_PREPROCESSOR_DEFINITIONS = (
					"DEBUG=1",
					"$(inherited)",
				);
				GCC_WARN_64_TO_32_BIT_CONVERSION = YES;
				GCC_WARN_ABOUT_RETURN_TYPE = YES_ERROR;
				GCC_WARN_UNDECLARED_SELECTOR = YES;
				GCC_WARN_UNINITIALIZED_AUTOS = YES_AGGRESSIVE;
				GCC_WARN_UNUSED_FUNCTION = YES;
				GCC_WARN_UNUSED_VARIABLE = YES;
				IPHONEOS_DEPLOYMENT_TARGET = 16.0;
				MTL_ENABLE_DEBUG_INFO = INCLUDE_SOURCE;
				MTL_FAST_MATH = YES;
				ONLY_ACTIVE_ARCH = YES;
				SDKROOT = iphoneos;
				SWIFT_ACTIVE_COMPILATION_CONDITIONS = DEBUG;
				SWIFT_OPTIMIZATION_LEVEL = "-Onone";
			};
			name = Debug;
		};
		3AE4E66329110AD3004BC324 /* Release */ = {
			isa = XCBuildConfiguration;
			buildSettings = {
				ALWAYS_SEARCH_USER_PATHS = NO;
				CLANG_ANALYZER_NONNULL = YES;
				CLANG_ANALYZER_NUMBER_OBJECT_CONVERSION = YES_AGGRESSIVE;
				CLANG_CXX_LANGUAGE_STANDARD = "gnu++20";
				CLANG_ENABLE_MODULES = YES;
				CLANG_ENABLE_OBJC_ARC = YES;
				CLANG_ENABLE_OBJC_WEAK = YES;
				CLANG_WARN_BLOCK_CAPTURE_AUTORELEASING = YES;
				CLANG_WARN_BOOL_CONVERSION = YES;
				CLANG_WARN_COMMA = YES;
				CLANG_WARN_CONSTANT_CONVERSION = YES;
				CLANG_WARN_DEPRECATED_OBJC_IMPLEMENTATIONS = YES;
				CLANG_WARN_DIRECT_OBJC_ISA_USAGE = YES_ERROR;
				CLANG_WARN_DOCUMENTATION_COMMENTS = YES;
				CLANG_WARN_EMPTY_BODY = YES;
				CLANG_WARN_ENUM_CONVERSION = YES;
				CLANG_WARN_INFINITE_RECURSION = YES;
				CLANG_WARN_INT_CONVERSION = YES;
				CLANG_WARN_NON_LITERAL_NULL_CONVERSION = YES;
				CLANG_WARN_OBJC_IMPLICIT_RETAIN_SELF = YES;
				CLANG_WARN_OBJC_LITERAL_CONVERSION = YES;
				CLANG_WARN_OBJC_ROOT_CLASS = YES_ERROR;
				CLANG_WARN_QUOTED_INCLUDE_IN_FRAMEWORK_HEADER = YES;
				CLANG_WARN_RANGE_LOOP_ANALYSIS = YES;
				CLANG_WARN_STRICT_PROTOTYPES = YES;
				CLANG_WARN_SUSPICIOUS_MOVE = YES;
				CLANG_WARN_UNGUARDED_AVAILABILITY = YES_AGGRESSIVE;
				CLANG_WARN_UNREACHABLE_CODE = YES;
				CLANG_WARN__DUPLICATE_METHOD_MATCH = YES;
				COPY_PHASE_STRIP = NO;
				DEBUG_INFORMATION_FORMAT = "dwarf-with-dsym";
				ENABLE_NS_ASSERTIONS = NO;
				ENABLE_STRICT_OBJC_MSGSEND = YES;
				GCC_C_LANGUAGE_STANDARD = gnu11;
				GCC_NO_COMMON_BLOCKS = YES;
				GCC_WARN_64_TO_32_BIT_CONVERSION = YES;
				GCC_WARN_ABOUT_RETURN_TYPE = YES_ERROR;
				GCC_WARN_UNDECLARED_SELECTOR = YES;
				GCC_WARN_UNINITIALIZED_AUTOS = YES_AGGRESSIVE;
				GCC_WARN_UNUSED_FUNCTION = YES;
				GCC_WARN_UNUSED_VARIABLE = YES;
				IPHONEOS_DEPLOYMENT_TARGET = 16.0;
				MTL_ENABLE_DEBUG_INFO = NO;
				MTL_FAST_MATH = YES;
				SDKROOT = iphoneos;
				SWIFT_COMPILATION_MODE = wholemodule;
				SWIFT_OPTIMIZATION_LEVEL = "-O";
				VALIDATE_PRODUCT = YES;
			};
			name = Release;
		};
		3AE4E66529110AD3004BC324 /* Debug */ = {
			isa = XCBuildConfiguration;
			buildSettings = {
				ASSETCATALOG_COMPILER_APPICON_NAME = AppIcon;
				ASSETCATALOG_COMPILER_GLOBAL_ACCENT_COLOR_NAME = AccentColor;
				CODE_SIGN_STYLE = Automatic;
				CURRENT_PROJECT_VERSION = 1;
				DEVELOPMENT_TEAM = 39Q9GA8PN8;
				GENERATE_INFOPLIST_FILE = YES;
				INFOPLIST_FILE = ThrowAway/Info.plist;
				INFOPLIST_KEY_CFBundleDisplayName = ThrowAway;
				INFOPLIST_KEY_UIApplicationSupportsIndirectInputEvents = YES;
				INFOPLIST_KEY_UILaunchStoryboardName = LaunchScreen;
				INFOPLIST_KEY_UISupportedInterfaceOrientations = "UIInterfaceOrientationLandscapeRight UIInterfaceOrientationPortrait";
				INFOPLIST_KEY_UISupportedInterfaceOrientations_iPad = "UIInterfaceOrientationLandscapeLeft UIInterfaceOrientationLandscapeRight UIInterfaceOrientationPortrait UIInterfaceOrientationPortraitUpsideDown";
				IPHONEOS_DEPLOYMENT_TARGET = 14.0;
				LD_RUNPATH_SEARCH_PATHS = (
					"$(inherited)",
					"@executable_path/Frameworks",
				);
				MARKETING_VERSION = 1.0.0;
				PRODUCT_BUNDLE_IDENTIFIER = sunmi.ThrowAway;
				PRODUCT_NAME = "$(TARGET_NAME)";
				SUPPORTED_PLATFORMS = "iphoneos iphonesimulator";
				SUPPORTS_MACCATALYST = NO;
				SUPPORTS_MAC_DESIGNED_FOR_IPHONE_IPAD = NO;
				SWIFT_EMIT_LOC_STRINGS = YES;
				SWIFT_VERSION = 5.0;
				TARGETED_DEVICE_FAMILY = 1;
			};
			name = Debug;
		};
		3AE4E66629110AD3004BC324 /* Release */ = {
			isa = XCBuildConfiguration;
			buildSettings = {
				ASSETCATALOG_COMPILER_APPICON_NAME = AppIcon;
				ASSETCATALOG_COMPILER_GLOBAL_ACCENT_COLOR_NAME = AccentColor;
				CODE_SIGN_STYLE = Automatic;
				CURRENT_PROJECT_VERSION = 1;
				DEVELOPMENT_TEAM = 39Q9GA8PN8;
				GENERATE_INFOPLIST_FILE = YES;
				INFOPLIST_FILE = ThrowAway/Info.plist;
				INFOPLIST_KEY_CFBundleDisplayName = ThrowAway;
				INFOPLIST_KEY_UIApplicationSupportsIndirectInputEvents = YES;
				INFOPLIST_KEY_UILaunchStoryboardName = LaunchScreen;
				INFOPLIST_KEY_UISupportedInterfaceOrientations = "UIInterfaceOrientationLandscapeRight UIInterfaceOrientationPortrait";
				INFOPLIST_KEY_UISupportedInterfaceOrientations_iPad = "UIInterfaceOrientationLandscapeLeft UIInterfaceOrientationLandscapeRight UIInterfaceOrientationPortrait UIInterfaceOrientationPortraitUpsideDown";
				IPHONEOS_DEPLOYMENT_TARGET = 14.0;
				LD_RUNPATH_SEARCH_PATHS = (
					"$(inherited)",
					"@executable_path/Frameworks",
				);
				MARKETING_VERSION = 1.0.0;
				PRODUCT_BUNDLE_IDENTIFIER = sunmi.ThrowAway;
				PRODUCT_NAME = "$(TARGET_NAME)";
				SUPPORTED_PLATFORMS = "iphoneos iphonesimulator";
				SUPPORTS_MACCATALYST = NO;
				SUPPORTS_MAC_DESIGNED_FOR_IPHONE_IPAD = NO;
				SWIFT_EMIT_LOC_STRINGS = YES;
				SWIFT_VERSION = 5.0;
				TARGETED_DEVICE_FAMILY = 1;
			};
			name = Release;
		};
/* End XCBuildConfiguration section */

/* Begin XCConfigurationList section */
		3A3412962916513400BDFB34 /* Build configuration list for PBXNativeTarget "ThrowAwayTests" */ = {
			isa = XCConfigurationList;
			buildConfigurations = (
				3A3412972916513400BDFB34 /* Debug */,
				3A3412982916513400BDFB34 /* Release */,
			);
			defaultConfigurationIsVisible = 0;
			defaultConfigurationName = Release;
		};
		3AE4E64B29110AD3004BC324 /* Build configuration list for PBXProject "ThrowAway" */ = {
			isa = XCConfigurationList;
			buildConfigurations = (
				3AE4E66229110AD3004BC324 /* Debug */,
				3AE4E66329110AD3004BC324 /* Release */,
			);
			defaultConfigurationIsVisible = 0;
			defaultConfigurationName = Release;
		};
		3AE4E66429110AD3004BC324 /* Build configuration list for PBXNativeTarget "ThrowAway" */ = {
			isa = XCConfigurationList;
			buildConfigurations = (
				3AE4E66529110AD3004BC324 /* Debug */,
				3AE4E66629110AD3004BC324 /* Release */,
			);
			defaultConfigurationIsVisible = 0;
			defaultConfigurationName = Release;
		};
/* End XCConfigurationList section */

/* Begin XCVersionGroup section */
		3A3412892916500E00BDFB34 /* ThrowAway.xcdatamodeld */ = {
			isa = XCVersionGroup;
			children = (
				3A34128A2916500E00BDFB34 /* ThrowAway.xcdatamodel */,
			);
			currentVersion = 3A34128A2916500E00BDFB34 /* ThrowAway.xcdatamodel */;
			path = ThrowAway.xcdatamodeld;
			sourceTree = "<group>";
			versionGroupType = wrapper.xcdatamodel;
		};
/* End XCVersionGroup section */
	};
	rootObject = 3AE4E64829110AD3004BC324 /* Project object */;
}
