// !$*UTF8*$!
{
	archiveVersion = 1;
	classes = {
	};
	objectVersion = 55;
	objects = {

/* Begin PBXBuildFile section */
		3A2E06A3291551830073B15F /* resource.bundle in Resources */ = {isa = PBXBuildFile; fileRef = 3A2E06A2291551830073B15F /* resource.bundle */; };
		3A2E06A6291552230073B15F /* Bundle+Ext.swift in Sources */ = {isa = PBXBuildFile; fileRef = 3A2E06A5291552230073B15F /* Bundle+Ext.swift */; };
		3A6D906429150D9900B1D882 /* ProductListViewController.swift in Sources */ = {isa = PBXBuildFile; fileRef = 3A6D906329150D9900B1D882 /* ProductListViewController.swift */; };
		3AC5CB782912B2D800BA2A11 /* TabBarViewController.swift in Sources */ = {isa = PBXBuildFile; fileRef = 3AC5CB772912B2D800BA2A11 /* TabBarViewController.swift */; };
		3AD6E53129152753000E966E /* ProductList.storyboard in Resources */ = {isa = PBXBuildFile; fileRef = 3AD6E53029152753000E966E /* ProductList.storyboard */; };
		3AD6E53329152786000E966E /* ProductTableViewCell.swift in Sources */ = {isa = PBXBuildFile; fileRef = 3AD6E53229152786000E966E /* ProductTableViewCell.swift */; };
		3AD6E536291528D8000E966E /* Product.swift in Sources */ = {isa = PBXBuildFile; fileRef = 3AD6E535291528D8000E966E /* Product.swift */; };
		3AE4E65429110AD3004BC324 /* AppDelegate.swift in Sources */ = {isa = PBXBuildFile; fileRef = 3AE4E65329110AD3004BC324 /* AppDelegate.swift */; };
		3AE4E65629110AD3004BC324 /* SceneDelegate.swift in Sources */ = {isa = PBXBuildFile; fileRef = 3AE4E65529110AD3004BC324 /* SceneDelegate.swift */; };
		3AE4E65D29110AD3004BC324 /* Assets.xcassets in Resources */ = {isa = PBXBuildFile; fileRef = 3AE4E65C29110AD3004BC324 /* Assets.xcassets */; };
		3AE4E66029110AD3004BC324 /* LaunchScreen.storyboard in Resources */ = {isa = PBXBuildFile; fileRef = 3AE4E65E29110AD3004BC324 /* LaunchScreen.storyboard */; };
/* End PBXBuildFile section */

/* Begin PBXFileReference section */
		3A2E06A2291551830073B15F /* resource.bundle */ = {isa = PBXFileReference; lastKnownFileType = "wrapper.plug-in"; path = resource.bundle; sourceTree = "<group>"; };
		3A2E06A5291552230073B15F /* Bundle+Ext.swift */ = {isa = PBXFileReference; lastKnownFileType = sourcecode.swift; path = "Bundle+Ext.swift"; sourceTree = "<group>"; };
		3A6D906329150D9900B1D882 /* ProductListViewController.swift */ = {isa = PBXFileReference; lastKnownFileType = sourcecode.swift; path = ProductListViewController.swift; sourceTree = "<group>"; };
		3AC5CB772912B2D800BA2A11 /* TabBarViewController.swift */ = {isa = PBXFileReference; lastKnownFileType = sourcecode.swift; path = TabBarViewController.swift; sourceTree = "<group>"; };
		3AD6E53029152753000E966E /* ProductList.storyboard */ = {isa = PBXFileReference; fileEncoding = 4; lastKnownFileType = file.storyboard; path = ProductList.storyboard; sourceTree = "<group>"; };
		3AD6E53229152786000E966E /* ProductTableViewCell.swift */ = {isa = PBXFileReference; lastKnownFileType = sourcecode.swift; path = ProductTableViewCell.swift; sourceTree = "<group>"; };
		3AD6E535291528D8000E966E /* Product.swift */ = {isa = PBXFileReference; lastKnownFileType = sourcecode.swift; path = Product.swift; sourceTree = "<group>"; };
		3AE4E65029110AD3004BC324 /* ThrowAway.app */ = {isa = PBXFileReference; explicitFileType = wrapper.application; includeInIndex = 0; path = ThrowAway.app; sourceTree = BUILT_PRODUCTS_DIR; };
		3AE4E65329110AD3004BC324 /* AppDelegate.swift */ = {isa = PBXFileReference; lastKnownFileType = sourcecode.swift; path = AppDelegate.swift; sourceTree = "<group>"; };
		3AE4E65529110AD3004BC324 /* SceneDelegate.swift */ = {isa = PBXFileReference; lastKnownFileType = sourcecode.swift; path = SceneDelegate.swift; sourceTree = "<group>"; };
		3AE4E65C29110AD3004BC324 /* Assets.xcassets */ = {isa = PBXFileReference; lastKnownFileType = folder.assetcatalog; path = Assets.xcassets; sourceTree = "<group>"; };
		3AE4E65F29110AD3004BC324 /* Base */ = {isa = PBXFileReference; lastKnownFileType = file.storyboard; name = Base; path = Base.lproj/LaunchScreen.storyboard; sourceTree = "<group>"; };
		3AE4E66129110AD3004BC324 /* Info.plist */ = {isa = PBXFileReference; lastKnownFileType = text.plist.xml; path = Info.plist; sourceTree = "<group>"; };
/* End PBXFileReference section */

/* Begin PBXFrameworksBuildPhase section */
		3AE4E64D29110AD3004BC324 /* Frameworks */ = {
			isa = PBXFrameworksBuildPhase;
			buildActionMask = 2147483647;
			files = (
			);
			runOnlyForDeploymentPostprocessing = 0;
		};
/* End PBXFrameworksBuildPhase section */

/* Begin PBXGroup section */
		1680C45F1BAF6CF8600A6662 /* Pods */ = {
			isa = PBXGroup;
			children = (
			);
			path = Pods;
			sourceTree = "<group>";
		};
		3A2E06A1291551630073B15F /* Supporting Files */ = {
			isa = PBXGroup;
			children = (
				3A2E06A2291551830073B15F /* resource.bundle */,
			);
			path = "Supporting Files";
			sourceTree = "<group>";
		};
		3A2E06A42915520A0073B15F /* extension */ = {
			isa = PBXGroup;
			children = (
				3A2E06A5291552230073B15F /* Bundle+Ext.swift */,
			);
			path = extension;
			sourceTree = "<group>";
		};
		3A6D90602914FFF700B1D882 /* Views */ = {
			isa = PBXGroup;
			children = (
				3AD6E53229152786000E966E /* ProductTableViewCell.swift */,
			);
			path = Views;
			sourceTree = "<group>";
		};
		3A6D9066291526F000B1D882 /* Storyboard */ = {
			isa = PBXGroup;
			children = (
				3AD6E53029152753000E966E /* ProductList.storyboard */,
			);
			path = Storyboard;
			sourceTree = "<group>";
		};
		3AD6E534291528AD000E966E /* Models */ = {
			isa = PBXGroup;
			children = (
				3AD6E535291528D8000E966E /* Product.swift */,
			);
			path = Models;
			sourceTree = "<group>";
		};
		3AE4E64729110AD3004BC324 = {
			isa = PBXGroup;
			children = (
				3AE4E65229110AD3004BC324 /* ThrowAway */,
				3AE4E65129110AD3004BC324 /* Products */,
				1680C45F1BAF6CF8600A6662 /* Pods */,
			);
			sourceTree = "<group>";
		};
		3AE4E65129110AD3004BC324 /* Products */ = {
			isa = PBXGroup;
			children = (
				3AE4E65029110AD3004BC324 /* ThrowAway.app */,
			);
			name = Products;
			sourceTree = "<group>";
		};
		3AE4E65229110AD3004BC324 /* ThrowAway */ = {
			isa = PBXGroup;
			children = (
				3A2E06A42915520A0073B15F /* extension */,
				3AD6E534291528AD000E966E /* Models */,
				3AE4E66729110D55004BC324 /* View Controllers */,
				3A6D90602914FFF700B1D882 /* Views */,
				3A2E06A1291551630073B15F /* Supporting Files */,
				3A6D9066291526F000B1D882 /* Storyboard */,
				3AE4E65329110AD3004BC324 /* AppDelegate.swift */,
				3AE4E65529110AD3004BC324 /* SceneDelegate.swift */,
				3AE4E65C29110AD3004BC324 /* Assets.xcassets */,
				3AE4E65E29110AD3004BC324 /* LaunchScreen.storyboard */,
				3AE4E66129110AD3004BC324 /* Info.plist */,
			);
			path = ThrowAway;
			sourceTree = "<group>";
		};
		3AE4E66729110D55004BC324 /* View Controllers */ = {
			isa = PBXGroup;
			children = (
				3AC5CB772912B2D800BA2A11 /* TabBarViewController.swift */,
				3A6D906329150D9900B1D882 /* ProductListViewController.swift */,
			);
			path = "View Controllers";
			sourceTree = "<group>";
		};
/* End PBXGroup section */

/* Begin PBXNativeTarget section */
		3AE4E64F29110AD3004BC324 /* ThrowAway */ = {
			isa = PBXNativeTarget;
			buildConfigurationList = 3AE4E66429110AD3004BC324 /* Build configuration list for PBXNativeTarget "ThrowAway" */;
			buildPhases = (
				3AE4E64C29110AD3004BC324 /* Sources */,
				3AE4E64D29110AD3004BC324 /* Frameworks */,
				3AE4E64E29110AD3004BC324 /* Resources */,
			);
			buildRules = (
			);
			dependencies = (
			);
			name = ThrowAway;
			productName = ThrowAway;
			productReference = 3AE4E65029110AD3004BC324 /* ThrowAway.app */;
			productType = "com.apple.product-type.application";
		};
/* End PBXNativeTarget section */

/* Begin PBXProject section */
		3AE4E64829110AD3004BC324 /* Project object */ = {
			isa = PBXProject;
			attributes = {
				BuildIndependentTargetsInParallel = 1;
				LastSwiftUpdateCheck = 1400;
				LastUpgradeCheck = 1400;
				TargetAttributes = {
					3AE4E64F29110AD3004BC324 = {
						CreatedOnToolsVersion = 14.0.1;
					};
				};
			};
			buildConfigurationList = 3AE4E64B29110AD3004BC324 /* Build configuration list for PBXProject "ThrowAway" */;
			compatibilityVersion = "Xcode 13.0";
			developmentRegion = en;
			hasScannedForEncodings = 0;
			knownRegions = (
				en,
				Base,
			);
			mainGroup = 3AE4E64729110AD3004BC324;
			productRefGroup = 3AE4E65129110AD3004BC324 /* Products */;
			projectDirPath = "";
			projectRoot = "";
			targets = (
				3AE4E64F29110AD3004BC324 /* ThrowAway */,
			);
		};
/* End PBXProject section */

/* Begin PBXResourcesBuildPhase section */
		3AE4E64E29110AD3004BC324 /* Resources */ = {
			isa = PBXResourcesBuildPhase;
			buildActionMask = 2147483647;
			files = (
				3AD6E53129152753000E966E /* ProductList.storyboard in Resources */,
				3AE4E66029110AD3004BC324 /* LaunchScreen.storyboard in Resources */,
				3AE4E65D29110AD3004BC324 /* Assets.xcassets in Resources */,
				3A2E06A3291551830073B15F /* resource.bundle in Resources */,
			);
			runOnlyForDeploymentPostprocessing = 0;
		};
/* End PBXResourcesBuildPhase section */

/* Begin PBXSourcesBuildPhase section */
		3AE4E64C29110AD3004BC324 /* Sources */ = {
			isa = PBXSourcesBuildPhase;
			buildActionMask = 2147483647;
			files = (
				3AC5CB782912B2D800BA2A11 /* TabBarViewController.swift in Sources */,
				3A6D906429150D9900B1D882 /* ProductListViewController.swift in Sources */,
				3AD6E53329152786000E966E /* ProductTableViewCell.swift in Sources */,
				3AE4E65429110AD3004BC324 /* AppDelegate.swift in Sources */,
				3A2E06A6291552230073B15F /* Bundle+Ext.swift in Sources */,
				3AE4E65629110AD3004BC324 /* SceneDelegate.swift in Sources */,
				3AD6E536291528D8000E966E /* Product.swift in Sources */,
			);
			runOnlyForDeploymentPostprocessing = 0;
		};
/* End PBXSourcesBuildPhase section */

/* Begin PBXVariantGroup section */
		3AE4E65E29110AD3004BC324 /* LaunchScreen.storyboard */ = {
			isa = PBXVariantGroup;
			children = (
				3AE4E65F29110AD3004BC324 /* Base */,
			);
			name = LaunchScreen.storyboard;
			sourceTree = "<group>";
		};
/* End PBXVariantGroup section */

/* Begin XCBuildConfiguration section */
		3AE4E66229110AD3004BC324 /* Debug */ = {
			isa = XCBuildConfiguration;
			buildSettings = {
				ALWAYS_SEARCH_USER_PATHS = NO;
				CLANG_ANALYZER_NONNULL = YES;
				CLANG_ANALYZER_NUMBER_OBJECT_CONVERSION = YES_AGGRESSIVE;
				CLANG_CXX_LANGUAGE_STANDARD = "gnu++20";
				CLANG_ENABLE_MODULES = YES;
				CLANG_ENABLE_OBJC_ARC = YES;
				CLANG_ENABLE_OBJC_WEAK = YES;
				CLANG_WARN_BLOCK_CAPTURE_AUTORELEASING = YES;
				CLANG_WARN_BOOL_CONVERSION = YES;
				CLANG_WARN_COMMA = YES;
				CLANG_WARN_CONSTANT_CONVERSION = YES;
				CLANG_WARN_DEPRECATED_OBJC_IMPLEMENTATIONS = YES;
				CLANG_WARN_DIRECT_OBJC_ISA_USAGE = YES_ERROR;
				CLANG_WARN_DOCUMENTATION_COMMENTS = YES;
				CLANG_WARN_EMPTY_BODY = YES;
				CLANG_WARN_ENUM_CONVERSION = YES;
				CLANG_WARN_INFINITE_RECURSION = YES;
				CLANG_WARN_INT_CONVERSION = YES;
				CLANG_WARN_NON_LITERAL_NULL_CONVERSION = YES;
				CLANG_WARN_OBJC_IMPLICIT_RETAIN_SELF = YES;
				CLANG_WARN_OBJC_LITERAL_CONVERSION = YES;
				CLANG_WARN_OBJC_ROOT_CLASS = YES_ERROR;
				CLANG_WARN_QUOTED_INCLUDE_IN_FRAMEWORK_HEADER = YES;
				CLANG_WARN_RANGE_LOOP_ANALYSIS = YES;
				CLANG_WARN_STRICT_PROTOTYPES = YES;
				CLANG_WARN_SUSPICIOUS_MOVE = YES;
				CLANG_WARN_UNGUARDED_AVAILABILITY = YES_AGGRESSIVE;
				CLANG_WARN_UNREACHABLE_CODE = YES;
				CLANG_WARN__DUPLICATE_METHOD_MATCH = YES;
				COPY_PHASE_STRIP = NO;
				DEBUG_INFORMATION_FORMAT = dwarf;
				ENABLE_STRICT_OBJC_MSGSEND = YES;
				ENABLE_TESTABILITY = YES;
				GCC_C_LANGUAGE_STANDARD = gnu11;
				GCC_DYNAMIC_NO_PIC = NO;
				GCC_NO_COMMON_BLOCKS = YES;
				GCC_OPTIMIZATION_LEVEL = 0;
				GCC_PREPROCESSOR_DEFINITIONS = (
					"DEBUG=1",
					"$(inherited)",
				);
				GCC_WARN_64_TO_32_BIT_CONVERSION = YES;
				GCC_WARN_ABOUT_RETURN_TYPE = YES_ERROR;
				GCC_WARN_UNDECLARED_SELECTOR = YES;
				GCC_WARN_UNINITIALIZED_AUTOS = YES_AGGRESSIVE;
				GCC_WARN_UNUSED_FUNCTION = YES;
				GCC_WARN_UNUSED_VARIABLE = YES;
				IPHONEOS_DEPLOYMENT_TARGET = 16.0;
				MTL_ENABLE_DEBUG_INFO = INCLUDE_SOURCE;
				MTL_FAST_MATH = YES;
				ONLY_ACTIVE_ARCH = YES;
				SDKROOT = iphoneos;
				SWIFT_ACTIVE_COMPILATION_CONDITIONS = DEBUG;
				SWIFT_OPTIMIZATION_LEVEL = "-Onone";
			};
			name = Debug;
		};
		3AE4E66329110AD3004BC324 /* Release */ = {
			isa = XCBuildConfiguration;
			buildSettings = {
				ALWAYS_SEARCH_USER_PATHS = NO;
				CLANG_ANALYZER_NONNULL = YES;
				CLANG_ANALYZER_NUMBER_OBJECT_CONVERSION = YES_AGGRESSIVE;
				CLANG_CXX_LANGUAGE_STANDARD = "gnu++20";
				CLANG_ENABLE_MODULES = YES;
				CLANG_ENABLE_OBJC_ARC = YES;
				CLANG_ENABLE_OBJC_WEAK = YES;
				CLANG_WARN_BLOCK_CAPTURE_AUTORELEASING = YES;
				CLANG_WARN_BOOL_CONVERSION = YES;
				CLANG_WARN_COMMA = YES;
				CLANG_WARN_CONSTANT_CONVERSION = YES;
				CLANG_WARN_DEPRECATED_OBJC_IMPLEMENTATIONS = YES;
				CLANG_WARN_DIRECT_OBJC_ISA_USAGE = YES_ERROR;
				CLANG_WARN_DOCUMENTATION_COMMENTS = YES;
				CLANG_WARN_EMPTY_BODY = YES;
				CLANG_WARN_ENUM_CONVERSION = YES;
				CLANG_WARN_INFINITE_RECURSION = YES;
				CLANG_WARN_INT_CONVERSION = YES;
				CLANG_WARN_NON_LITERAL_NULL_CONVERSION = YES;
				CLANG_WARN_OBJC_IMPLICIT_RETAIN_SELF = YES;
				CLANG_WARN_OBJC_LITERAL_CONVERSION = YES;
				CLANG_WARN_OBJC_ROOT_CLASS = YES_ERROR;
				CLANG_WARN_QUOTED_INCLUDE_IN_FRAMEWORK_HEADER = YES;
				CLANG_WARN_RANGE_LOOP_ANALYSIS = YES;
				CLANG_WARN_STRICT_PROTOTYPES = YES;
				CLANG_WARN_SUSPICIOUS_MOVE = YES;
				CLANG_WARN_UNGUARDED_AVAILABILITY = YES_AGGRESSIVE;
				CLANG_WARN_UNREACHABLE_CODE = YES;
				CLANG_WARN__DUPLICATE_METHOD_MATCH = YES;
				COPY_PHASE_STRIP = NO;
				DEBUG_INFORMATION_FORMAT = "dwarf-with-dsym";
				ENABLE_NS_ASSERTIONS = NO;
				ENABLE_STRICT_OBJC_MSGSEND = YES;
				GCC_C_LANGUAGE_STANDARD = gnu11;
				GCC_NO_COMMON_BLOCKS = YES;
				GCC_WARN_64_TO_32_BIT_CONVERSION = YES;
				GCC_WARN_ABOUT_RETURN_TYPE = YES_ERROR;
				GCC_WARN_UNDECLARED_SELECTOR = YES;
				GCC_WARN_UNINITIALIZED_AUTOS = YES_AGGRESSIVE;
				GCC_WARN_UNUSED_FUNCTION = YES;
				GCC_WARN_UNUSED_VARIABLE = YES;
				IPHONEOS_DEPLOYMENT_TARGET = 16.0;
				MTL_ENABLE_DEBUG_INFO = NO;
				MTL_FAST_MATH = YES;
				SDKROOT = iphoneos;
				SWIFT_COMPILATION_MODE = wholemodule;
				SWIFT_OPTIMIZATION_LEVEL = "-O";
				VALIDATE_PRODUCT = YES;
			};
			name = Release;
		};
		3AE4E66529110AD3004BC324 /* Debug */ = {
			isa = XCBuildConfiguration;
			buildSettings = {
				ASSETCATALOG_COMPILER_APPICON_NAME = AppIcon;
				ASSETCATALOG_COMPILER_GLOBAL_ACCENT_COLOR_NAME = AccentColor;
				CODE_SIGN_STYLE = Automatic;
				CURRENT_PROJECT_VERSION = 1;
				DEVELOPMENT_TEAM = 39Q9GA8PN8;
				GENERATE_INFOPLIST_FILE = YES;
				INFOPLIST_FILE = ThrowAway/Info.plist;
				INFOPLIST_KEY_CFBundleDisplayName = ThrowAway;
				INFOPLIST_KEY_UIApplicationSupportsIndirectInputEvents = YES;
				INFOPLIST_KEY_UILaunchStoryboardName = LaunchScreen;
				INFOPLIST_KEY_UISupportedInterfaceOrientations = "UIInterfaceOrientationLandscapeRight UIInterfaceOrientationPortrait";
				INFOPLIST_KEY_UISupportedInterfaceOrientations_iPad = "UIInterfaceOrientationLandscapeLeft UIInterfaceOrientationLandscapeRight UIInterfaceOrientationPortrait UIInterfaceOrientationPortraitUpsideDown";
				IPHONEOS_DEPLOYMENT_TARGET = 14.0;
				LD_RUNPATH_SEARCH_PATHS = (
					"$(inherited)",
					"@executable_path/Frameworks",
				);
				MARKETING_VERSION = 1.0;
				PRODUCT_BUNDLE_IDENTIFIER = sunmi.ThrowAway;
				PRODUCT_NAME = "$(TARGET_NAME)";
				SUPPORTED_PLATFORMS = "iphoneos iphonesimulator";
				SUPPORTS_MACCATALYST = NO;
				SUPPORTS_MAC_DESIGNED_FOR_IPHONE_IPAD = NO;
				SWIFT_EMIT_LOC_STRINGS = YES;
				SWIFT_VERSION = 5.0;
				TARGETED_DEVICE_FAMILY = 1;
			};
			name = Debug;
		};
		3AE4E66629110AD3004BC324 /* Release */ = {
			isa = XCBuildConfiguration;
			buildSettings = {
				ASSETCATALOG_COMPILER_APPICON_NAME = AppIcon;
				ASSETCATALOG_COMPILER_GLOBAL_ACCENT_COLOR_NAME = AccentColor;
				CODE_SIGN_STYLE = Automatic;
				CURRENT_PROJECT_VERSION = 1;
				DEVELOPMENT_TEAM = 39Q9GA8PN8;
				GENERATE_INFOPLIST_FILE = YES;
				INFOPLIST_FILE = ThrowAway/Info.plist;
				INFOPLIST_KEY_CFBundleDisplayName = ThrowAway;
				INFOPLIST_KEY_UIApplicationSupportsIndirectInputEvents = YES;
				INFOPLIST_KEY_UILaunchStoryboardName = LaunchScreen;
				INFOPLIST_KEY_UISupportedInterfaceOrientations = "UIInterfaceOrientationLandscapeRight UIInterfaceOrientationPortrait";
				INFOPLIST_KEY_UISupportedInterfaceOrientations_iPad = "UIInterfaceOrientationLandscapeLeft UIInterfaceOrientationLandscapeRight UIInterfaceOrientationPortrait UIInterfaceOrientationPortraitUpsideDown";
				IPHONEOS_DEPLOYMENT_TARGET = 14.0;
				LD_RUNPATH_SEARCH_PATHS = (
					"$(inherited)",
					"@executable_path/Frameworks",
				);
				MARKETING_VERSION = 1.0;
				PRODUCT_BUNDLE_IDENTIFIER = sunmi.ThrowAway;
				PRODUCT_NAME = "$(TARGET_NAME)";
				SUPPORTED_PLATFORMS = "iphoneos iphonesimulator";
				SUPPORTS_MACCATALYST = NO;
				SUPPORTS_MAC_DESIGNED_FOR_IPHONE_IPAD = NO;
				SWIFT_EMIT_LOC_STRINGS = YES;
				SWIFT_VERSION = 5.0;
				TARGETED_DEVICE_FAMILY = 1;
			};
			name = Release;
		};
/* End XCBuildConfiguration section */

/* Begin XCConfigurationList section */
		3AE4E64B29110AD3004BC324 /* Build configuration list for PBXProject "ThrowAway" */ = {
			isa = XCConfigurationList;
			buildConfigurations = (
				3AE4E66229110AD3004BC324 /* Debug */,
				3AE4E66329110AD3004BC324 /* Release */,
			);
			defaultConfigurationIsVisible = 0;
			defaultConfigurationName = Release;
		};
		3AE4E66429110AD3004BC324 /* Build configuration list for PBXNativeTarget "ThrowAway" */ = {
			isa = XCConfigurationList;
			buildConfigurations = (
				3AE4E66529110AD3004BC324 /* Debug */,
				3AE4E66629110AD3004BC324 /* Release */,
			);
			defaultConfigurationIsVisible = 0;
			defaultConfigurationName = Release;
		};
/* End XCConfigurationList section */
	};
	rootObject = 3AE4E64829110AD3004BC324 /* Project object */;
}
